
Microsoft Visual Studio Solution File, Format Version 12.00
# Visual Studio Version 16
VisualStudioVersion = 16.0.31105.61
MinimumVisualStudioVersion = 10.0.40219.1
Project("{F184B08F-C81C-45F6-A57F-5ABD9991F28F}") = "ePharmacy", "ePharmacy.vbproj", "{0AC355BC-AB10-4E5D-92A3-7ADA12D28496}"
EndProject
Global
	GlobalSection(SolutionConfigurationPlatforms) = preSolution
		Debug|Any CPU = Debug|Any CPU
		Release|Any CPU = Release|Any CPU
	EndGlobalSection
	GlobalSection(ProjectConfigurationPlatforms) = postSolution
		{0AC355BC-AB10-4E5D-92A3-7ADA12D28496}.Debug|Any CPU.ActiveCfg = Debug|Any CPU
		{0AC355BC-AB10-4E5D-92A3-7ADA12D28496}.Debug|Any CPU.Build.0 = Debug|Any CPU
		{0AC355BC-AB10-4E5D-92A3-7ADA12D28496}.Release|Any CPU.ActiveCfg = Release|Any CPU
		{0AC355BC-AB10-4E5D-92A3-7ADA12D28496}.Release|Any CPU.Build.0 = Release|Any CPU
	EndGlobalSection
	GlobalSection(SolutionProperties) = preSolution
		HideSolutionNode = FALSE
	EndGlobalSection
	GlobalSection(ExtensibilityGlobals) = postSolution
		SolutionGuid = {6BDE608D-7750-4B09-B423-442793958292}
	EndGlobalSection
EndGlobal
